
Microsoft Visual Studio Solution File, Format Version 12.00
# Visual Studio 14
VisualStudioVersion = 14.0.25123.0
MinimumVisualStudioVersion = 10.0.40219.1
Project("{FAE04EC0-301F-11D3-BF4B-00C04F79EFBC}") = "controlPC", "controlPC\controlPC.csproj", "{04975FDD-860B-4AC4-9613-99880B924210}"
EndProject
Project("{FAE04EC0-301F-11D3-BF4B-00C04F79EFBC}") = "controlPC.Tests", "controlPC.Tests\controlPC.Tests.csproj", "{C02D08EC-C720-458B-AD01-805F5D4A4145}"
EndProject
Global
	GlobalSection(SolutionConfigurationPlatforms) = preSolution
		Debug|Any CPU = Debug|Any CPU
		Release|Any CPU = Release|Any CPU
	EndGlobalSection
	GlobalSection(ProjectConfigurationPlatforms) = postSolution
		{04975FDD-860B-4AC4-9613-99880B924210}.Debug|Any CPU.ActiveCfg = Debug|Any CPU
		{04975FDD-860B-4AC4-9613-99880B924210}.Debug|Any CPU.Build.0 = Debug|Any CPU
		{04975FDD-860B-4AC4-9613-99880B924210}.Release|Any CPU.ActiveCfg = Release|Any CPU
		{04975FDD-860B-4AC4-9613-99880B924210}.Release|Any CPU.Build.0 = Release|Any CPU
		{C02D08EC-C720-458B-AD01-805F5D4A4145}.Debug|Any CPU.ActiveCfg = Debug|Any CPU
		{C02D08EC-C720-458B-AD01-805F5D4A4145}.Debug|Any CPU.Build.0 = Debug|Any CPU
		{C02D08EC-C720-458B-AD01-805F5D4A4145}.Release|Any CPU.ActiveCfg = Release|Any CPU
		{C02D08EC-C720-458B-AD01-805F5D4A4145}.Release|Any CPU.Build.0 = Release|Any CPU
	EndGlobalSection
	GlobalSection(SolutionProperties) = preSolution
		HideSolutionNode = FALSE
	EndGlobalSection
EndGlobal
